Microsoft Visual Studio Solution File, Format Version 12.00
# Visual Studio Version 17
VisualStudioVersion = 17.9.34310.174
MinimumVisualStudioVersion = 10.0.40219.1
Project("{2150E333-8FDC-42A3-9474-1A3956D46DE8}") = "Application", "Application", "{F06E1D1D-A0EF-487A-8D14-B257F7D2E004}"
EndProject
Project("{2150E333-8FDC-42A3-9474-1A3956D46DE8}") = "Domain", "Domain", "{D02C0529-F319-4FD7-A080-6ACA72F351D5}"
EndProject
Project("{2150E333-8FDC-42A3-9474-1A3956D46DE8}") = "Infrastructure", "Infrastructure", "{CF4E99D3-1C6A-4919-AFAE-B079947CA95E}"
EndProject
Project("{2150E333-8FDC-42A3-9474-1A3956D46DE8}") = "Presentation", "Presentation", "{161FE01A-9C81-4C91-96C9-F880D6FFD1D0}"
EndProject
Project("{9A19103F-16F7-4668-BE54-9A1E7A4F7556}") = "QuizWiz.ApiService", "Presentation\QuizWiz.ApiService\QuizWiz.ApiService.csproj", "{E19C1D11-35F6-4B99-9F92-23CECD12CA87}"
EndProject
Project("{9A19103F-16F7-4668-BE54-9A1E7A4F7556}") = "QuizWiz.AppHost", "Presentation\QuizWiz.AppHost\QuizWiz.AppHost.csproj", "{7582C48A-9F76-4426-B099-A3255C9DF050}"
EndProject
Project("{9A19103F-16F7-4668-BE54-9A1E7A4F7556}") = "QuizWiz.ServiceDefaults", "Presentation\QuizWiz.ServiceDefaults\QuizWiz.ServiceDefaults.csproj", "{31AF5143-A460-4763-93E1-8E29E39B3835}"
EndProject
Project("{9A19103F-16F7-4668-BE54-9A1E7A4F7556}") = "QuizWiz.Web", "Presentation\QuizWiz.Web\QuizWiz.Web.csproj", "{C2716381-CD82-47C0-A2E5-7AA41EA8AA2D}"
EndProject
Project("{9A19103F-16F7-4668-BE54-9A1E7A4F7556}") = "QuizWiz.Infrastructure.OpenAI", "Infrastructure\QuizWiz.Infrastructure.OpenAI\QuizWiz.Infrastructure.OpenAI.csproj", "{36F83DD5-C4FC-48F7-BD1C-22879419C797}"
EndProject
Project("{2150E333-8FDC-42A3-9474-1A3956D46DE8}") = "Persistence", "Persistence", "{BA3C8D90-8BD8-4927-8134-6608FABA18F1}"
EndProject
Project("{FAE04EC0-301F-11D3-BF4B-00C04F79EFBC}") = "QuizWiz.Persistence.BlobStorage", "Persistence\QuizWiz.Persistence.BlobStorage\QuizWiz.Persistence.BlobStorage.csproj", "{64045493-0311-4B2D-951D-E81BFDC9D67E}"
EndProject
Project("{FAE04EC0-301F-11D3-BF4B-00C04F79EFBC}") = "QuizWiz.Application.QuizGenerator", "Application\QuizWiz.Application.QuizGenerator\QuizWiz.Application.QuizGenerator.csproj", "{0C8BB001-1B98-4102-ACD4-6FDD1412A460}"
Project("{9A19103F-16F7-4668-BE54-9A1E7A4F7556}") = "QuizWix.Application.Auth", "Application\QuizWix.Application.Auth\QuizWix.Application.Auth.csproj", "{5A7B812F-5071-43D3-B939-A8072111AF0D}"
EndProject
Project("{9A19103F-16F7-4668-BE54-9A1E7A4F7556}") = "QuizWiz.Domain", "Domain\QuizWiz.Domain\QuizWiz.Domain.csproj", "{9A510DBB-9378-4E85-A14D-9328CC54366C}"
EndProject
Global
	GlobalSection(SolutionConfigurationPlatforms) = preSolution
		Debug|Any CPU = Debug|Any CPU
		Release|Any CPU = Release|Any CPU
	EndGlobalSection
	GlobalSection(ProjectConfigurationPlatforms) = postSolution
		{E19C1D11-35F6-4B99-9F92-23CECD12CA87}.Debug|Any CPU.ActiveCfg = Debug|Any CPU
		{E19C1D11-35F6-4B99-9F92-23CECD12CA87}.Debug|Any CPU.Build.0 = Debug|Any CPU
		{E19C1D11-35F6-4B99-9F92-23CECD12CA87}.Release|Any CPU.ActiveCfg = Release|Any CPU
		{E19C1D11-35F6-4B99-9F92-23CECD12CA87}.Release|Any CPU.Build.0 = Release|Any CPU
		{7582C48A-9F76-4426-B099-A3255C9DF050}.Debug|Any CPU.ActiveCfg = Debug|Any CPU
		{7582C48A-9F76-4426-B099-A3255C9DF050}.Debug|Any CPU.Build.0 = Debug|Any CPU
		{7582C48A-9F76-4426-B099-A3255C9DF050}.Release|Any CPU.ActiveCfg = Release|Any CPU
		{7582C48A-9F76-4426-B099-A3255C9DF050}.Release|Any CPU.Build.0 = Release|Any CPU
		{31AF5143-A460-4763-93E1-8E29E39B3835}.Debug|Any CPU.ActiveCfg = Debug|Any CPU
		{31AF5143-A460-4763-93E1-8E29E39B3835}.Debug|Any CPU.Build.0 = Debug|Any CPU
		{31AF5143-A460-4763-93E1-8E29E39B3835}.Release|Any CPU.ActiveCfg = Release|Any CPU
		{31AF5143-A460-4763-93E1-8E29E39B3835}.Release|Any CPU.Build.0 = Release|Any CPU
		{C2716381-CD82-47C0-A2E5-7AA41EA8AA2D}.Debug|Any CPU.ActiveCfg = Debug|Any CPU
		{C2716381-CD82-47C0-A2E5-7AA41EA8AA2D}.Debug|Any CPU.Build.0 = Debug|Any CPU
		{C2716381-CD82-47C0-A2E5-7AA41EA8AA2D}.Release|Any CPU.ActiveCfg = Release|Any CPU
		{C2716381-CD82-47C0-A2E5-7AA41EA8AA2D}.Release|Any CPU.Build.0 = Release|Any CPU
		{36F83DD5-C4FC-48F7-BD1C-22879419C797}.Debug|Any CPU.ActiveCfg = Debug|Any CPU
		{36F83DD5-C4FC-48F7-BD1C-22879419C797}.Debug|Any CPU.Build.0 = Debug|Any CPU
		{36F83DD5-C4FC-48F7-BD1C-22879419C797}.Release|Any CPU.ActiveCfg = Release|Any CPU
		{36F83DD5-C4FC-48F7-BD1C-22879419C797}.Release|Any CPU.Build.0 = Release|Any CPU
		{64045493-0311-4B2D-951D-E81BFDC9D67E}.Debug|Any CPU.ActiveCfg = Debug|Any CPU
		{64045493-0311-4B2D-951D-E81BFDC9D67E}.Debug|Any CPU.Build.0 = Debug|Any CPU
		{64045493-0311-4B2D-951D-E81BFDC9D67E}.Release|Any CPU.ActiveCfg = Release|Any CPU
		{64045493-0311-4B2D-951D-E81BFDC9D67E}.Release|Any CPU.Build.0 = Release|Any CPU
		{0C8BB001-1B98-4102-ACD4-6FDD1412A460}.Debug|Any CPU.ActiveCfg = Debug|Any CPU
		{0C8BB001-1B98-4102-ACD4-6FDD1412A460}.Debug|Any CPU.Build.0 = Debug|Any CPU
		{0C8BB001-1B98-4102-ACD4-6FDD1412A460}.Release|Any CPU.ActiveCfg = Release|Any CPU
		{0C8BB001-1B98-4102-ACD4-6FDD1412A460}.Release|Any CPU.Build.0 = Release|Any CPU
	EndGlobalSection
	GlobalSection(SolutionProperties) = preSolution
		HideSolutionNode = FALSE
	EndGlobalSection
	GlobalSection(NestedProjects) = preSolution
		{E19C1D11-35F6-4B99-9F92-23CECD12CA87} = {161FE01A-9C81-4C91-96C9-F880D6FFD1D0}
		{7582C48A-9F76-4426-B099-A3255C9DF050} = {161FE01A-9C81-4C91-96C9-F880D6FFD1D0}
		{31AF5143-A460-4763-93E1-8E29E39B3835} = {161FE01A-9C81-4C91-96C9-F880D6FFD1D0}
		{C2716381-CD82-47C0-A2E5-7AA41EA8AA2D} = {161FE01A-9C81-4C91-96C9-F880D6FFD1D0}
		{36F83DD5-C4FC-48F7-BD1C-22879419C797} = {CF4E99D3-1C6A-4919-AFAE-B079947CA95E}
		{64045493-0311-4B2D-951D-E81BFDC9D67E} = {BA3C8D90-8BD8-4927-8134-6608FABA18F1}
		{0C8BB001-1B98-4102-ACD4-6FDD1412A460} = {F06E1D1D-A0EF-487A-8D14-B257F7D2E004}
		{5A7B812F-5071-43D3-B939-A8072111AF0D} = {F06E1D1D-A0EF-487A-8D14-B257F7D2E004}
		{9A510DBB-9378-4E85-A14D-9328CC54366C} = {D02C0529-F319-4FD7-A080-6ACA72F351D5}
	EndGlobalSection
	GlobalSection(ExtensibilityGlobals) = postSolution
		SolutionGuid = {0B40FD6C-D9B1-4196-BEBC-C84195C12389}
	EndGlobalSection
EndGlobal
